
Microsoft Visual Studio Solution File, Format Version 12.00
# Visual Studio Version 16
VisualStudioVersion = 16.0.30503.244
MinimumVisualStudioVersion = 10.0.40219.1
Project("{9A19103F-16F7-4668-BE54-9A1E7A4F7556}") = "FishFarmModels", "FishFarmModels\FishFarmModels.csproj", "{09D46183-F9C5-4A79-B5D8-3696338800E0}"
EndProject
Project("{9A19103F-16F7-4668-BE54-9A1E7A4F7556}") = "FishFarmData", "FishFarmData\FishFarmData.csproj", "{B629FA9A-11BF-4D52-94F5-805526B878D0}"
EndProject
Project("{9A19103F-16F7-4668-BE54-9A1E7A4F7556}") = "FishFarmWeb", "FishFarmWeb\FishFarmWeb.csproj", "{586EB524-6C62-4762-AD0A-9C715A8F84A3}"
EndProject
Project("{FAE04EC0-301F-11D3-BF4B-00C04F79EFBC}") = "FishFarmServices", "FishFarmServices\FishFarmServices.csproj", "{B875517D-B06A-4B0E-BBDD-FB55B96143F9}"
EndProject
Global
	GlobalSection(SolutionConfigurationPlatforms) = preSolution
		Debug|Any CPU = Debug|Any CPU
		Release|Any CPU = Release|Any CPU
	EndGlobalSection
	GlobalSection(ProjectConfigurationPlatforms) = postSolution
		{09D46183-F9C5-4A79-B5D8-3696338800E0}.Debug|Any CPU.ActiveCfg = Debug|Any CPU
		{09D46183-F9C5-4A79-B5D8-3696338800E0}.Debug|Any CPU.Build.0 = Debug|Any CPU
		{09D46183-F9C5-4A79-B5D8-3696338800E0}.Release|Any CPU.ActiveCfg = Release|Any CPU
		{09D46183-F9C5-4A79-B5D8-3696338800E0}.Release|Any CPU.Build.0 = Release|Any CPU
		{B629FA9A-11BF-4D52-94F5-805526B878D0}.Debug|Any CPU.ActiveCfg = Debug|Any CPU
		{B629FA9A-11BF-4D52-94F5-805526B878D0}.Debug|Any CPU.Build.0 = Debug|Any CPU
		{B629FA9A-11BF-4D52-94F5-805526B878D0}.Release|Any CPU.ActiveCfg = Release|Any CPU
		{B629FA9A-11BF-4D52-94F5-805526B878D0}.Release|Any CPU.Build.0 = Release|Any CPU
		{586EB524-6C62-4762-AD0A-9C715A8F84A3}.Debug|Any CPU.ActiveCfg = Debug|Any CPU
		{586EB524-6C62-4762-AD0A-9C715A8F84A3}.Debug|Any CPU.Build.0 = Debug|Any CPU
		{586EB524-6C62-4762-AD0A-9C715A8F84A3}.Release|Any CPU.ActiveCfg = Release|Any CPU
		{586EB524-6C62-4762-AD0A-9C715A8F84A3}.Release|Any CPU.Build.0 = Release|Any CPU
		{B875517D-B06A-4B0E-BBDD-FB55B96143F9}.Debug|Any CPU.ActiveCfg = Debug|Any CPU
		{B875517D-B06A-4B0E-BBDD-FB55B96143F9}.Debug|Any CPU.Build.0 = Debug|Any CPU
		{B875517D-B06A-4B0E-BBDD-FB55B96143F9}.Release|Any CPU.ActiveCfg = Release|Any CPU
		{B875517D-B06A-4B0E-BBDD-FB55B96143F9}.Release|Any CPU.Build.0 = Release|Any CPU
	EndGlobalSection
	GlobalSection(SolutionProperties) = preSolution
		HideSolutionNode = FALSE
	EndGlobalSection
	GlobalSection(ExtensibilityGlobals) = postSolution
		SolutionGuid = {06C43A4A-57B9-4F85-95E8-F7B87A223F12}
	EndGlobalSection
EndGlobal
